
Microsoft Visual Studio Solution File, Format Version 12.00
# Visual Studio Version 16
VisualStudioVersion = 16.0.30413.136
MinimumVisualStudioVersion = 10.0.40219.1
Project("{9A19103F-16F7-4668-BE54-9A1E7A4F7556}") = "TciEnergy.Blazor.Server", "Server\TciEnergy.Blazor.Server.csproj", "{FCFCE026-8E10-4DF5-B7CC-EF63A950A85E}"
EndProject
Project("{9A19103F-16F7-4668-BE54-9A1E7A4F7556}") = "TciEnergy.Blazor.Client", "Client\TciEnergy.Blazor.Client.csproj", "{87F3695E-DFBC-4634-B34B-58ED45272697}"
EndProject
Project("{9A19103F-16F7-4668-BE54-9A1E7A4F7556}") = "TciEnergy.Blazor.Shared", "Shared\TciEnergy.Blazor.Shared.csproj", "{BEEEBD7D-438E-4226-9628-B98F3A2466D3}"
EndProject
Project("{9A19103F-16F7-4668-BE54-9A1E7A4F7556}") = "AliaaCommonStandard", "..\..\AliaaCommon\AliaaCommonStandard\AliaaCommonStandard.csproj", "{AF6DEDFE-FFFB-49B4-9249-CC549B78A833}"
EndProject
Project("{9A19103F-16F7-4668-BE54-9A1E7A4F7556}") = "EasyMongoNet.Definitions", "..\..\EasyMongoNet\Definitions\EasyMongoNet.Definitions.csproj", "{449E523C-5508-4671-A23E-1974123768D1}"
EndProject
Project("{9A19103F-16F7-4668-BE54-9A1E7A4F7556}") = "TciCommon.Models", "..\TciCommon\TciCommon.Models\TciCommon.Models.csproj", "{63833185-4156-4011-A9D9-ED0D88775AE3}"
EndProject
Project("{9A19103F-16F7-4668-BE54-9A1E7A4F7556}") = "EasyMongoNet.Driver", "..\..\EasyMongoNet\Driver\EasyMongoNet.Driver.csproj", "{40BE4B07-6C39-4826-98DF-66C13D86991D}"
EndProject
Project("{9A19103F-16F7-4668-BE54-9A1E7A4F7556}") = "TciCommon.ServerUtils", "..\TciCommon\TciCommon.ServerUtils\TciCommon.ServerUtils.csproj", "{6AF03C0B-E993-4ED8-8BCD-32DF53568533}"
EndProject
Global
	GlobalSection(SolutionConfigurationPlatforms) = preSolution
		Debug|Any CPU = Debug|Any CPU
		Release|Any CPU = Release|Any CPU
	EndGlobalSection
	GlobalSection(ProjectConfigurationPlatforms) = postSolution
		{FCFCE026-8E10-4DF5-B7CC-EF63A950A85E}.Debug|Any CPU.ActiveCfg = Debug|Any CPU
		{FCFCE026-8E10-4DF5-B7CC-EF63A950A85E}.Debug|Any CPU.Build.0 = Debug|Any CPU
		{FCFCE026-8E10-4DF5-B7CC-EF63A950A85E}.Release|Any CPU.ActiveCfg = Release|Any CPU
		{FCFCE026-8E10-4DF5-B7CC-EF63A950A85E}.Release|Any CPU.Build.0 = Release|Any CPU
		{87F3695E-DFBC-4634-B34B-58ED45272697}.Debug|Any CPU.ActiveCfg = Debug|Any CPU
		{87F3695E-DFBC-4634-B34B-58ED45272697}.Debug|Any CPU.Build.0 = Debug|Any CPU
		{87F3695E-DFBC-4634-B34B-58ED45272697}.Release|Any CPU.ActiveCfg = Release|Any CPU
		{87F3695E-DFBC-4634-B34B-58ED45272697}.Release|Any CPU.Build.0 = Release|Any CPU
		{BEEEBD7D-438E-4226-9628-B98F3A2466D3}.Debug|Any CPU.ActiveCfg = Debug|Any CPU
		{BEEEBD7D-438E-4226-9628-B98F3A2466D3}.Debug|Any CPU.Build.0 = Debug|Any CPU
		{BEEEBD7D-438E-4226-9628-B98F3A2466D3}.Release|Any CPU.ActiveCfg = Release|Any CPU
		{BEEEBD7D-438E-4226-9628-B98F3A2466D3}.Release|Any CPU.Build.0 = Release|Any CPU
		{AF6DEDFE-FFFB-49B4-9249-CC549B78A833}.Debug|Any CPU.ActiveCfg = Debug|Any CPU
		{AF6DEDFE-FFFB-49B4-9249-CC549B78A833}.Debug|Any CPU.Build.0 = Debug|Any CPU
		{AF6DEDFE-FFFB-49B4-9249-CC549B78A833}.Release|Any CPU.ActiveCfg = Release|Any CPU
		{AF6DEDFE-FFFB-49B4-9249-CC549B78A833}.Release|Any CPU.Build.0 = Release|Any CPU
		{449E523C-5508-4671-A23E-1974123768D1}.Debug|Any CPU.ActiveCfg = Debug|Any CPU
		{449E523C-5508-4671-A23E-1974123768D1}.Debug|Any CPU.Build.0 = Debug|Any CPU
		{449E523C-5508-4671-A23E-1974123768D1}.Release|Any CPU.ActiveCfg = Release|Any CPU
		{449E523C-5508-4671-A23E-1974123768D1}.Release|Any CPU.Build.0 = Release|Any CPU
		{63833185-4156-4011-A9D9-ED0D88775AE3}.Debug|Any CPU.ActiveCfg = Debug|Any CPU
		{63833185-4156-4011-A9D9-ED0D88775AE3}.Debug|Any CPU.Build.0 = Debug|Any CPU
		{63833185-4156-4011-A9D9-ED0D88775AE3}.Release|Any CPU.ActiveCfg = Release|Any CPU
		{63833185-4156-4011-A9D9-ED0D88775AE3}.Release|Any CPU.Build.0 = Release|Any CPU
		{40BE4B07-6C39-4826-98DF-66C13D86991D}.Debug|Any CPU.ActiveCfg = Debug|Any CPU
		{40BE4B07-6C39-4826-98DF-66C13D86991D}.Debug|Any CPU.Build.0 = Debug|Any CPU
		{40BE4B07-6C39-4826-98DF-66C13D86991D}.Release|Any CPU.ActiveCfg = Release|Any CPU
		{40BE4B07-6C39-4826-98DF-66C13D86991D}.Release|Any CPU.Build.0 = Release|Any CPU
		{6AF03C0B-E993-4ED8-8BCD-32DF53568533}.Debug|Any CPU.ActiveCfg = Debug|Any CPU
		{6AF03C0B-E993-4ED8-8BCD-32DF53568533}.Debug|Any CPU.Build.0 = Debug|Any CPU
		{6AF03C0B-E993-4ED8-8BCD-32DF53568533}.Release|Any CPU.ActiveCfg = Release|Any CPU
		{6AF03C0B-E993-4ED8-8BCD-32DF53568533}.Release|Any CPU.Build.0 = Release|Any CPU
	EndGlobalSection
	GlobalSection(SolutionProperties) = preSolution
		HideSolutionNode = FALSE
	EndGlobalSection
	GlobalSection(ExtensibilityGlobals) = postSolution
		SolutionGuid = {63B8C9C0-73C0-4DDA-8837-A76AE5EEBBF9}
	EndGlobalSection
EndGlobal
